
Microsoft Visual Studio Solution File, Format Version 12.00
# Visual Studio Version 17
VisualStudioVersion = 17.6.33829.357
MinimumVisualStudioVersion = 10.0.40219.1
Project("{9A19103F-16F7-4668-BE54-9A1E7A4F7556}") = "JackCompiler", "JackCompiler\JackCompiler.csproj", "{3DDB764A-B11B-4C21-9298-5005B42756FC}"
EndProject
Project("{FAE04EC0-301F-11D3-BF4B-00C04F79EFBC}") = "JackCompilerTests", "JackCompilerTests\JackCompilerTests.csproj", "{295A0F5B-FAFA-4C87-BB74-FFE1504D9A99}"
EndProject
Global
	GlobalSection(SolutionConfigurationPlatforms) = preSolution
		Debug|Any CPU = Debug|Any CPU
		Release|Any CPU = Release|Any CPU
	EndGlobalSection
	GlobalSection(ProjectConfigurationPlatforms) = postSolution
		{3DDB764A-B11B-4C21-9298-5005B42756FC}.Debug|Any CPU.ActiveCfg = Debug|Any CPU
		{3DDB764A-B11B-4C21-9298-5005B42756FC}.Debug|Any CPU.Build.0 = Debug|Any CPU
		{3DDB764A-B11B-4C21-9298-5005B42756FC}.Release|Any CPU.ActiveCfg = Release|Any CPU
		{3DDB764A-B11B-4C21-9298-5005B42756FC}.Release|Any CPU.Build.0 = Release|Any CPU
		{295A0F5B-FAFA-4C87-BB74-FFE1504D9A99}.Debug|Any CPU.ActiveCfg = Debug|Any CPU
		{295A0F5B-FAFA-4C87-BB74-FFE1504D9A99}.Debug|Any CPU.Build.0 = Debug|Any CPU
		{295A0F5B-FAFA-4C87-BB74-FFE1504D9A99}.Release|Any CPU.ActiveCfg = Release|Any CPU
		{295A0F5B-FAFA-4C87-BB74-FFE1504D9A99}.Release|Any CPU.Build.0 = Release|Any CPU
	EndGlobalSection
	GlobalSection(SolutionProperties) = preSolution
		HideSolutionNode = FALSE
	EndGlobalSection
	GlobalSection(ExtensibilityGlobals) = postSolution
		SolutionGuid = {72EB5F98-8917-47FF-A124-FD9729C539C4}
	EndGlobalSection
EndGlobal
